Microsoft Visual Studio Solution File, Format Version 12.00
# Visual Studio Version 17
VisualStudioVersion = 17.5.2.0
MinimumVisualStudioVersion = 10.0.40219.1
Project("{FAE04EC0-301F-11D3-BF4B-00C04F79EFBC}") = "tl2-tp7-2025-Luis7l", "tl2-tp7-2025-Luis7l.csproj", "{68EC2B98-375F-7059-CA0F-F9BD38817BB0}"
EndProject
Global
	GlobalSection(SolutionConfigurationPlatforms) = preSolution
		Debug|Any CPU = Debug|Any CPU
		Release|Any CPU = Release|Any CPU
	EndGlobalSection
	GlobalSection(ProjectConfigurationPlatforms) = postSolution
		{68EC2B98-375F-7059-CA0F-F9BD38817BB0}.Debug|Any CPU.ActiveCfg = Debug|Any CPU
		{68EC2B98-375F-7059-CA0F-F9BD38817BB0}.Debug|Any CPU.Build.0 = Debug|Any CPU
		{68EC2B98-375F-7059-CA0F-F9BD38817BB0}.Release|Any CPU.ActiveCfg = Release|Any CPU
		{68EC2B98-375F-7059-CA0F-F9BD38817BB0}.Release|Any CPU.Build.0 = Release|Any CPU
	EndGlobalSection
	GlobalSection(SolutionProperties) = preSolution
		HideSolutionNode = FALSE
	EndGlobalSection
	GlobalSection(ExtensibilityGlobals) = postSolution
		SolutionGuid = {252BEBFB-78F2-4461-9D79-447CF27AC839}
	EndGlobalSection
EndGlobal
